// !$*UTF8*$!
{
	archiveVersion = 1;
	classes = {
	};
	objectVersion = 56;
	objects = {

/* Begin PBXBuildFile section */
		303DEA042A0298C20009B44D /* TextToVoiceViewController.swift in Sources */ = {isa = PBXBuildFile; fileRef = 303DEA032A0298C20009B44D /* TextToVoiceViewController.swift */; };
		303DEA062A0298DC0009B44D /* VoiceToTextViewController.swift in Sources */ = {isa = PBXBuildFile; fileRef = 303DEA052A0298DC0009B44D /* VoiceToTextViewController.swift */; };
		303DEA0A2A02A8780009B44D /* XZTTSManager.swift in Sources */ = {isa = PBXBuildFile; fileRef = 303DEA092A02A8780009B44D /* XZTTSManager.swift */; };
		303DEA0D2A02ABDE0009B44D /* AVFoundation.framework in Frameworks */ = {isa = PBXBuildFile; fileRef = 303DEA0C2A02ABDE0009B44D /* AVFoundation.framework */; };
		303DEA0F2A0688830009B44D /* XZASRManager.swift in Sources */ = {isa = PBXBuildFile; fileRef = 303DEA0E2A0688830009B44D /* XZASRManager.swift */; };
		30A30EF129F2E6FB00793982 /* AppDelegate.swift in Sources */ = {isa = PBXBuildFile; fileRef = 30A30EF029F2E6FB00793982 /* AppDelegate.swift */; };
		30A30EF329F2E6FB00793982 /* SceneDelegate.swift in Sources */ = {isa = PBXBuildFile; fileRef = 30A30EF229F2E6FB00793982 /* SceneDelegate.swift */; };
		30A30EF529F2E6FB00793982 /* ViewController.swift in Sources */ = {isa = PBXBuildFile; fileRef = 30A30EF429F2E6FB00793982 /* ViewController.swift */; };
		30A30EF829F2E6FB00793982 /* Main.storyboard in Resources */ = {isa = PBXBuildFile; fileRef = 30A30EF629F2E6FB00793982 /* Main.storyboard */; };
		30A30EFA29F2E6FC00793982 /* Assets.xcassets in Resources */ = {isa = PBXBuildFile; fileRef = 30A30EF929F2E6FC00793982 /* Assets.xcassets */; };
		30A30EFD29F2E6FC00793982 /* LaunchScreen.storyboard in Resources */ = {isa = PBXBuildFile; fileRef = 30A30EFB29F2E6FC00793982 /* LaunchScreen.storyboard */; };
		30C749482A0D2DEF00335F56 /* XZASRWaveView.swift in Sources */ = {isa = PBXBuildFile; fileRef = 30C749472A0D2DEF00335F56 /* XZASRWaveView.swift */; };
/* End PBXBuildFile section */

/* Begin PBXFileReference section */
		303DEA032A0298C20009B44D /* TextToVoiceViewController.swift */ = {isa = PBXFileReference; lastKnownFileType = sourcecode.swift; path = TextToVoiceViewController.swift; sourceTree = "<group>"; };
		303DEA052A0298DC0009B44D /* VoiceToTextViewController.swift */ = {isa = PBXFileReference; lastKnownFileType = sourcecode.swift; path = VoiceToTextViewController.swift; sourceTree = "<group>"; };
		303DEA092A02A8780009B44D /* XZTTSManager.swift */ = {isa = PBXFileReference; fileEncoding = 4; lastKnownFileType = sourcecode.swift; path = XZTTSManager.swift; sourceTree = "<group>"; };
		303DEA0C2A02ABDE0009B44D /* AVFoundation.framework */ = {isa = PBXFileReference; lastKnownFileType = wrapper.framework; name = AVFoundation.framework; path = System/Library/Frameworks/AVFoundation.framework; sourceTree = SDKROOT; };
		303DEA0E2A0688830009B44D /* XZASRManager.swift */ = {isa = PBXFileReference; lastKnownFileType = sourcecode.swift; path = XZASRManager.swift; sourceTree = "<group>"; };
		30A30EED29F2E6FB00793982 /* TextAndVoice.app */ = {isa = PBXFileReference; explicitFileType = wrapper.application; includeInIndex = 0; path = TextAndVoice.app; sourceTree = BUILT_PRODUCTS_DIR; };
		30A30EF029F2E6FB00793982 /* AppDelegate.swift */ = {isa = PBXFileReference; lastKnownFileType = sourcecode.swift; path = AppDelegate.swift; sourceTree = "<group>"; };
		30A30EF229F2E6FB00793982 /* SceneDelegate.swift */ = {isa = PBXFileReference; lastKnownFileType = sourcecode.swift; path = SceneDelegate.swift; sourceTree = "<group>"; };
		30A30EF429F2E6FB00793982 /* ViewController.swift */ = {isa = PBXFileReference; lastKnownFileType = sourcecode.swift; path = ViewController.swift; sourceTree = "<group>"; };
		30A30EF729F2E6FB00793982 /* Base */ = {isa = PBXFileReference; lastKnownFileType = file.storyboard; name = Base; path = Base.lproj/Main.storyboard; sourceTree = "<group>"; };
		30A30EF929F2E6FC00793982 /* Assets.xcassets */ = {isa = PBXFileReference; lastKnownFileType = folder.assetcatalog; path = Assets.xcassets; sourceTree = "<group>"; };
		30A30EFC29F2E6FC00793982 /* Base */ = {isa = PBXFileReference; lastKnownFileType = file.storyboard; name = Base; path = Base.lproj/LaunchScreen.storyboard; sourceTree = "<group>"; };
		30A30EFE29F2E6FC00793982 /* Info.plist */ = {isa = PBXFileReference; lastKnownFileType = text.plist.xml; path = Info.plist; sourceTree = "<group>"; };
		30C749452A074BC400335F56 /* Debug.xcconfig */ = {isa = PBXFileReference; lastKnownFileType = text.xcconfig; path = Debug.xcconfig; sourceTree = "<group>"; };
		30C749462A074BD300335F56 /* Release.xcconfig */ = {isa = PBXFileReference; lastKnownFileType = text.xcconfig; path = Release.xcconfig; sourceTree = "<group>"; };
		30C749472A0D2DEF00335F56 /* XZASRWaveView.swift */ = {isa = PBXFileReference; lastKnownFileType = sourcecode.swift; path = XZASRWaveView.swift; sourceTree = "<group>"; };
/* End PBXFileReference section */

/* Begin PBXFrameworksBuildPhase section */
		30A30EEA29F2E6FB00793982 /* Frameworks */ = {
			isa = PBXFrameworksBuildPhase;
			buildActionMask = 2147483647;
			files = (
				303DEA0D2A02ABDE0009B44D /* AVFoundation.framework in Frameworks */,
			);
			runOnlyForDeploymentPostprocessing = 0;
		};
/* End PBXFrameworksBuildPhase section */

/* Begin PBXGroup section */
		303DEA022A0295700009B44D /* TextAndVoice */ = {
			isa = PBXGroup;
			children = (
				303DEA092A02A8780009B44D /* XZTTSManager.swift */,
				303DEA0E2A0688830009B44D /* XZASRManager.swift */,
				30C749472A0D2DEF00335F56 /* XZASRWaveView.swift */,
			);
			path = TextAndVoice;
			sourceTree = "<group>";
		};
		303DEA0B2A02ABDE0009B44D /* Frameworks */ = {
			isa = PBXGroup;
			children = (
				303DEA0C2A02ABDE0009B44D /* AVFoundation.framework */,
			);
			name = Frameworks;
			sourceTree = "<group>";
		};
		30A30EE429F2E6FB00793982 = {
			isa = PBXGroup;
			children = (
				30A30EEF29F2E6FB00793982 /* TextAndVoice */,
				30A30EEE29F2E6FB00793982 /* Products */,
				303DEA0B2A02ABDE0009B44D /* Frameworks */,
			);
			sourceTree = "<group>";
		};
		30A30EEE29F2E6FB00793982 /* Products */ = {
			isa = PBXGroup;
			children = (
				30A30EED29F2E6FB00793982 /* TextAndVoice.app */,
			);
			name = Products;
			sourceTree = "<group>";
		};
		30A30EEF29F2E6FB00793982 /* TextAndVoice */ = {
			isa = PBXGroup;
			children = (
				303DEA022A0295700009B44D /* TextAndVoice */,
				30A30EF029F2E6FB00793982 /* AppDelegate.swift */,
				30A30EF229F2E6FB00793982 /* SceneDelegate.swift */,
				30A30EF429F2E6FB00793982 /* ViewController.swift */,
				303DEA032A0298C20009B44D /* TextToVoiceViewController.swift */,
				303DEA052A0298DC0009B44D /* VoiceToTextViewController.swift */,
				30A30EF629F2E6FB00793982 /* Main.storyboard */,
				30A30EF929F2E6FC00793982 /* Assets.xcassets */,
				30A30EFB29F2E6FC00793982 /* LaunchScreen.storyboard */,
				30A30EFE29F2E6FC00793982 /* Info.plist */,
				30C749452A074BC400335F56 /* Debug.xcconfig */,
				30C749462A074BD300335F56 /* Release.xcconfig */,
			);
			path = TextAndVoice;
			sourceTree = "<group>";
		};
/* End PBXGroup section */

/* Begin PBXNativeTarget section */
		30A30EEC29F2E6FB00793982 /* TextAndVoice */ = {
			isa = PBXNativeTarget;
			buildConfigurationList = 30A30F0129F2E6FC00793982 /* Build configuration list for PBXNativeTarget "TextAndVoice" */;
			buildPhases = (
				30A30EE929F2E6FB00793982 /* Sources */,
				30A30EEA29F2E6FB00793982 /* Frameworks */,
				30A30EEB29F2E6FB00793982 /* Resources */,
			);
			buildRules = (
			);
			dependencies = (
			);
			name = TextAndVoice;
			productName = TextAndVoice;
			productReference = 30A30EED29F2E6FB00793982 /* TextAndVoice.app */;
			productType = "com.apple.product-type.application";
		};
/* End PBXNativeTarget section */

/* Begin PBXProject section */
		30A30EE529F2E6FB00793982 /* Project object */ = {
			isa = PBXProject;
			attributes = {
				BuildIndependentTargetsInParallel = 1;
				LastSwiftUpdateCheck = 1430;
				LastUpgradeCheck = 1430;
				TargetAttributes = {
					30A30EEC29F2E6FB00793982 = {
						CreatedOnToolsVersion = 14.3;
					};
				};
			};
			buildConfigurationList = 30A30EE829F2E6FB00793982 /* Build configuration list for PBXProject "TextAndVoice" */;
			compatibilityVersion = "Xcode 14.0";
			developmentRegion = en;
			hasScannedForEncodings = 0;
			knownRegions = (
				en,
				Base,
			);
			mainGroup = 30A30EE429F2E6FB00793982;
			productRefGroup = 30A30EEE29F2E6FB00793982 /* Products */;
			projectDirPath = "";
			projectRoot = "";
			targets = (
				30A30EEC29F2E6FB00793982 /* TextAndVoice */,
			);
		};
/* End PBXProject section */

/* Begin PBXResourcesBuildPhase section */
		30A30EEB29F2E6FB00793982 /* Resources */ = {
			isa = PBXResourcesBuildPhase;
			buildActionMask = 2147483647;
			files = (
				30A30EFD29F2E6FC00793982 /* LaunchScreen.storyboard in Resources */,
				30A30EFA29F2E6FC00793982 /* Assets.xcassets in Resources */,
				30A30EF829F2E6FB00793982 /* Main.storyboard in Resources */,
			);
			runOnlyForDeploymentPostprocessing = 0;
		};
/* End PBXResourcesBuildPhase section */

/* Begin PBXSourcesBuildPhase section */
		30A30EE929F2E6FB00793982 /* Sources */ = {
			isa = PBXSourcesBuildPhase;
			buildActionMask = 2147483647;
			files = (
				30A30EF529F2E6FB00793982 /* ViewController.swift in Sources */,
				303DEA0F2A0688830009B44D /* XZASRManager.swift in Sources */,
				303DEA0A2A02A8780009B44D /* XZTTSManager.swift in Sources */,
				30A30EF129F2E6FB00793982 /* AppDelegate.swift in Sources */,
				30C749482A0D2DEF00335F56 /* XZASRWaveView.swift in Sources */,
				303DEA062A0298DC0009B44D /* VoiceToTextViewController.swift in Sources */,
				30A30EF329F2E6FB00793982 /* SceneDelegate.swift in Sources */,
				303DEA042A0298C20009B44D /* TextToVoiceViewController.swift in Sources */,
			);
			runOnlyForDeploymentPostprocessing = 0;
		};
/* End PBXSourcesBuildPhase section */

/* Begin PBXVariantGroup section */
		30A30EF629F2E6FB00793982 /* Main.storyboard */ = {
			isa = PBXVariantGroup;
			children = (
				30A30EF729F2E6FB00793982 /* Base */,
			);
			name = Main.storyboard;
			sourceTree = "<group>";
		};
		30A30EFB29F2E6FC00793982 /* LaunchScreen.storyboard */ = {
			isa = PBXVariantGroup;
			children = (
				30A30EFC29F2E6FC00793982 /* Base */,
			);
			name = LaunchScreen.storyboard;
			sourceTree = "<group>";
		};
/* End PBXVariantGroup section */

/* Begin XCBuildConfiguration section */
		30A30EFF29F2E6FC00793982 /* Debug */ = {
			isa = XCBuildConfiguration;
			buildSettings = {
				ALWAYS_SEARCH_USER_PATHS = NO;
				CLANG_ANALYZER_NONNULL = YES;
				CLANG_ANALYZER_NUMBER_OBJECT_CONVERSION = YES_AGGRESSIVE;
				CLANG_CXX_LANGUAGE_STANDARD = "gnu++20";
				CLANG_ENABLE_MODULES = YES;
				CLANG_ENABLE_OBJC_ARC = YES;
				CLANG_ENABLE_OBJC_WEAK = YES;
				CLANG_WARN_BLOCK_CAPTURE_AUTORELEASING = YES;
				CLANG_WARN_BOOL_CONVERSION = YES;
				CLANG_WARN_COMMA = YES;
				CLANG_WARN_CONSTANT_CONVERSION = YES;
				CLANG_WARN_DEPRECATED_OBJC_IMPLEMENTATIONS = YES;
				CLANG_WARN_DIRECT_OBJC_ISA_USAGE = YES_ERROR;
				CLANG_WARN_DOCUMENTATION_COMMENTS = YES;
				CLANG_WARN_EMPTY_BODY = YES;
				CLANG_WARN_ENUM_CONVERSION = YES;
				CLANG_WARN_INFINITE_RECURSION = YES;
				CLANG_WARN_INT_CONVERSION = YES;
				CLANG_WARN_NON_LITERAL_NULL_CONVERSION = YES;
				CLANG_WARN_OBJC_IMPLICIT_RETAIN_SELF = YES;
				CLANG_WARN_OBJC_LITERAL_CONVERSION = YES;
				CLANG_WARN_OBJC_ROOT_CLASS = YES_ERROR;
				CLANG_WARN_QUOTED_INCLUDE_IN_FRAMEWORK_HEADER = YES;
				CLANG_WARN_RANGE_LOOP_ANALYSIS = YES;
				CLANG_WARN_STRICT_PROTOTYPES = YES;
				CLANG_WARN_SUSPICIOUS_MOVE = YES;
				CLANG_WARN_UNGUARDED_AVAILABILITY = YES_AGGRESSIVE;
				CLANG_WARN_UNREACHABLE_CODE = YES;
				CLANG_WARN__DUPLICATE_METHOD_MATCH = YES;
				COPY_PHASE_STRIP = NO;
				DEBUG_INFORMATION_FORMAT = dwarf;
				ENABLE_STRICT_OBJC_MSGSEND = YES;
				ENABLE_TESTABILITY = YES;
				GCC_C_LANGUAGE_STANDARD = gnu11;
				GCC_DYNAMIC_NO_PIC = NO;
				GCC_NO_COMMON_BLOCKS = YES;
				GCC_OPTIMIZATION_LEVEL = 0;
				GCC_PREPROCESSOR_DEFINITIONS = (
					"DEBUG=1",
					"$(inherited)",
				);
				GCC_WARN_64_TO_32_BIT_CONVERSION = YES;
				GCC_WARN_ABOUT_RETURN_TYPE = YES_ERROR;
				GCC_WARN_UNDECLARED_SELECTOR = YES;
				GCC_WARN_UNINITIALIZED_AUTOS = YES_AGGRESSIVE;
				GCC_WARN_UNUSED_FUNCTION = YES;
				GCC_WARN_UNUSED_VARIABLE = YES;
				IPHONEOS_DEPLOYMENT_TARGET = 16.4;
				MTL_ENABLE_DEBUG_INFO = INCLUDE_SOURCE;
				MTL_FAST_MATH = YES;
				ONLY_ACTIVE_ARCH = YES;
				SDKROOT = iphoneos;
				SWIFT_ACTIVE_COMPILATION_CONDITIONS = DEBUG;
				SWIFT_OPTIMIZATION_LEVEL = "-Onone";
			};
			name = Debug;
		};
		30A30F0029F2E6FC00793982 /* Release */ = {
			isa = XCBuildConfiguration;
			buildSettings = {
				ALWAYS_SEARCH_USER_PATHS = NO;
				CLANG_ANALYZER_NONNULL = YES;
				CLANG_ANALYZER_NUMBER_OBJECT_CONVERSION = YES_AGGRESSIVE;
				CLANG_CXX_LANGUAGE_STANDARD = "gnu++20";
				CLANG_ENABLE_MODULES = YES;
				CLANG_ENABLE_OBJC_ARC = YES;
				CLANG_ENABLE_OBJC_WEAK = YES;
				CLANG_WARN_BLOCK_CAPTURE_AUTORELEASING = YES;
				CLANG_WARN_BOOL_CONVERSION = YES;
				CLANG_WARN_COMMA = YES;
				CLANG_WARN_CONSTANT_CONVERSION = YES;
				CLANG_WARN_DEPRECATED_OBJC_IMPLEMENTATIONS = YES;
				CLANG_WARN_DIRECT_OBJC_ISA_USAGE = YES_ERROR;
				CLANG_WARN_DOCUMENTATION_COMMENTS = YES;
				CLANG_WARN_EMPTY_BODY = YES;
				CLANG_WARN_ENUM_CONVERSION = YES;
				CLANG_WARN_INFINITE_RECURSION = YES;
				CLANG_WARN_INT_CONVERSION = YES;
				CLANG_WARN_NON_LITERAL_NULL_CONVERSION = YES;
				CLANG_WARN_OBJC_IMPLICIT_RETAIN_SELF = YES;
				CLANG_WARN_OBJC_LITERAL_CONVERSION = YES;
				CLANG_WARN_OBJC_ROOT_CLASS = YES_ERROR;
				CLANG_WARN_QUOTED_INCLUDE_IN_FRAMEWORK_HEADER = YES;
				CLANG_WARN_RANGE_LOOP_ANALYSIS = YES;
				CLANG_WARN_STRICT_PROTOTYPES = YES;
				CLANG_WARN_SUSPICIOUS_MOVE = YES;
				CLANG_WARN_UNGUARDED_AVAILABILITY = YES_AGGRESSIVE;
				CLANG_WARN_UNREACHABLE_CODE = YES;
				CLANG_WARN__DUPLICATE_METHOD_MATCH = YES;
				COPY_PHASE_STRIP = NO;
				DEBUG_INFORMATION_FORMAT = "dwarf-with-dsym";
				ENABLE_NS_ASSERTIONS = NO;
				ENABLE_STRICT_OBJC_MSGSEND = YES;
				GCC_C_LANGUAGE_STANDARD = gnu11;
				GCC_NO_COMMON_BLOCKS = YES;
				GCC_WARN_64_TO_32_BIT_CONVERSION = YES;
				GCC_WARN_ABOUT_RETURN_TYPE = YES_ERROR;
				GCC_WARN_UNDECLARED_SELECTOR = YES;
				GCC_WARN_UNINITIALIZED_AUTOS = YES_AGGRESSIVE;
				GCC_WARN_UNUSED_FUNCTION = YES;
				GCC_WARN_UNUSED_VARIABLE = YES;
				IPHONEOS_DEPLOYMENT_TARGET = 16.4;
				MTL_ENABLE_DEBUG_INFO = NO;
				MTL_FAST_MATH = YES;
				SDKROOT = iphoneos;
				SWIFT_COMPILATION_MODE = wholemodule;
				SWIFT_OPTIMIZATION_LEVEL = "-O";
				VALIDATE_PRODUCT = YES;
			};
			name = Release;
		};
		30A30F0229F2E6FC00793982 /* Debug */ = {
			isa = XCBuildConfiguration;
			baseConfigurationReference = 30C749452A074BC400335F56 /* Debug.xcconfig */;
			buildSettings = {
				ASSETCATALOG_COMPILER_APPICON_NAME = AppIcon;
				ASSETCATALOG_COMPILER_GLOBAL_ACCENT_COLOR_NAME = AccentColor;
				CODE_SIGN_IDENTITY = "Apple Development";
				CODE_SIGN_STYLE = Automatic;
				CURRENT_PROJECT_VERSION = 1;
				GENERATE_INFOPLIST_FILE = YES;
				INFOPLIST_FILE = TextAndVoice/Info.plist;
				INFOPLIST_KEY_NSMicrophoneUsageDescription = "开启麦克风权限以实现语音转文字效果";
				INFOPLIST_KEY_NSSpeechRecognitionUsageDescription = "开启语音识别权限以实现语音转文字效果";
				INFOPLIST_KEY_UIApplicationSupportsIndirectInputEvents = YES;
				INFOPLIST_KEY_UILaunchStoryboardName = LaunchScreen;
				INFOPLIST_KEY_UIMainStoryboardFile = Main;
				INFOPLIST_KEY_UISupportedInterfaceOrientations_iPad = "UIInterfaceOrientationPortrait UIInterfaceOrientationPortraitUpsideDown UIInterfaceOrientationLandscapeLeft UIInterfaceOrientationLandscapeRight";
				INFOPLIST_KEY_UISupportedInterfaceOrientations_iPhone = "UIInterfaceOrientationPortrait UIInterfaceOrientationLandscapeLeft UIInterfaceOrientationLandscapeRight";
				IPHONEOS_DEPLOYMENT_TARGET = 13.0;
				LD_RUNPATH_SEARCH_PATHS = (
					"$(inherited)",
					"@executable_path/Frameworks",
				);
				MARKETING_VERSION = 1.0;
				PRODUCT_NAME = "$(TARGET_NAME)";
				PROVISIONING_PROFILE_SPECIFIER = "";
				SWIFT_EMIT_LOC_STRINGS = YES;
				SWIFT_VERSION = 5.0;
				TARGETED_DEVICE_FAMILY = "1,2";
			};
			name = Debug;
		};
		30A30F0329F2E6FC00793982 /* Release */ = {
			isa = XCBuildConfiguration;
			baseConfigurationReference = 30C749462A074BD300335F56 /* Release.xcconfig */;
			buildSettings = {
				ASSETCATALOG_COMPILER_APPICON_NAME = AppIcon;
				ASSETCATALOG_COMPILER_GLOBAL_ACCENT_COLOR_NAME = AccentColor;
				CODE_SIGN_IDENTITY = "Apple Development";
				CODE_SIGN_STYLE = Automatic;
				CURRENT_PROJECT_VERSION = 1;
				GENERATE_INFOPLIST_FILE = YES;
				INFOPLIST_FILE = TextAndVoice/Info.plist;
				INFOPLIST_KEY_NSMicrophoneUsageDescription = "开启麦克风权限以实现语音转文字效果";
				INFOPLIST_KEY_NSSpeechRecognitionUsageDescription = "开启语音识别权限以实现语音转文字效果";
				INFOPLIST_KEY_UIApplicationSupportsIndirectInputEvents = YES;
				INFOPLIST_KEY_UILaunchStoryboardName = LaunchScreen;
				INFOPLIST_KEY_UIMainStoryboardFile = Main;
				INFOPLIST_KEY_UISupportedInterfaceOrientations_iPad = "UIInterfaceOrientationPortrait UIInterfaceOrientationPortraitUpsideDown UIInterfaceOrientationLandscapeLeft UIInterfaceOrientationLandscapeRight";
				INFOPLIST_KEY_UISupportedInterfaceOrientations_iPhone = "UIInterfaceOrientationPortrait UIInterfaceOrientationLandscapeLeft UIInterfaceOrientationLandscapeRight";
				IPHONEOS_DEPLOYMENT_TARGET = 13.0;
				LD_RUNPATH_SEARCH_PATHS = (
					"$(inherited)",
					"@executable_path/Frameworks",
				);
				MARKETING_VERSION = 1.0;
				PRODUCT_NAME = "$(TARGET_NAME)";
				PROVISIONING_PROFILE_SPECIFIER = "";
				SWIFT_EMIT_LOC_STRINGS = YES;
				SWIFT_VERSION = 5.0;
				TARGETED_DEVICE_FAMILY = "1,2";
			};
			name = Release;
		};
/* End XCBuildConfiguration section */

/* Begin XCConfigurationList section */
		30A30EE829F2E6FB00793982 /* Build configuration list for PBXProject "TextAndVoice" */ = {
			isa = XCConfigurationList;
			buildConfigurations = (
				30A30EFF29F2E6FC00793982 /* Debug */,
				30A30F0029F2E6FC00793982 /* Release */,
			);
			defaultConfigurationIsVisible = 0;
			defaultConfigurationName = Release;
		};
		30A30F0129F2E6FC00793982 /* Build configuration list for PBXNativeTarget "TextAndVoice" */ = {
			isa = XCConfigurationList;
			buildConfigurations = (
				30A30F0229F2E6FC00793982 /* Debug */,
				30A30F0329F2E6FC00793982 /* Release */,
			);
			defaultConfigurationIsVisible = 0;
			defaultConfigurationName = Release;
		};
/* End XCConfigurationList section */
	};
	rootObject = 30A30EE529F2E6FB00793982 /* Project object */;
}
